
Microsoft Visual Studio Solution File, Format Version 12.00
# Visual Studio 15
VisualStudioVersion = 15.0.28010.2050
MinimumVisualStudioVersion = 10.0.40219.1
Project("{9A19103F-16F7-4668-BE54-9A1E7A4F7556}") = "Workouts.Api", "Workouts.Api\Workouts.Api.csproj", "{7AA5B81D-B4C5-40D1-BEB6-4EC74560C632}"
EndProject
Project("{FAE04EC0-301F-11D3-BF4B-00C04F79EFBC}") = "Workouts.Api.Tests", "Workouts.Api.Tests\Workouts.Api.Tests.csproj", "{556DDB79-FDA1-4A79-9FD0-2ABF853BA0CC}"
EndProject
Global
	GlobalSection(SolutionConfigurationPlatforms) = preSolution
		Debug|Any CPU = Debug|Any CPU
		Release|Any CPU = Release|Any CPU
	EndGlobalSection
	GlobalSection(ProjectConfigurationPlatforms) = postSolution
		{7AA5B81D-B4C5-40D1-BEB6-4EC74560C632}.Debug|Any CPU.ActiveCfg = Debug|Any CPU
		{7AA5B81D-B4C5-40D1-BEB6-4EC74560C632}.Debug|Any CPU.Build.0 = Debug|Any CPU
		{7AA5B81D-B4C5-40D1-BEB6-4EC74560C632}.Release|Any CPU.ActiveCfg = Release|Any CPU
		{7AA5B81D-B4C5-40D1-BEB6-4EC74560C632}.Release|Any CPU.Build.0 = Release|Any CPU
		{556DDB79-FDA1-4A79-9FD0-2ABF853BA0CC}.Debug|Any CPU.ActiveCfg = Debug|Any CPU
		{556DDB79-FDA1-4A79-9FD0-2ABF853BA0CC}.Debug|Any CPU.Build.0 = Debug|Any CPU
		{556DDB79-FDA1-4A79-9FD0-2ABF853BA0CC}.Release|Any CPU.ActiveCfg = Release|Any CPU
		{556DDB79-FDA1-4A79-9FD0-2ABF853BA0CC}.Release|Any CPU.Build.0 = Release|Any CPU
	EndGlobalSection
	GlobalSection(SolutionProperties) = preSolution
		HideSolutionNode = FALSE
	EndGlobalSection
	GlobalSection(ExtensibilityGlobals) = postSolution
		SolutionGuid = {2F404720-7C0F-40CC-A716-37EB498C3C63}
	EndGlobalSection
EndGlobal
